
Microsoft Visual Studio Solution File, Format Version 12.00
# Visual Studio Version 17
VisualStudioVersion = 17.11.35312.102
MinimumVisualStudioVersion = 10.0.40219.1
Project("{FAE04EC0-301F-11D3-BF4B-00C04F79EFBC}") = "operationsLibrary", "operationsLibrary.csproj", "{2EDB717D-B81F-469C-9109-208FA9888C37}"
EndProject
Project("{FAE04EC0-301F-11D3-BF4B-00C04F79EFBC}") = "operationsApplication", "..\operationsApplication\operationsApplication.csproj", "{88891646-4F1B-4427-8F3F-7E8A5F2B2070}"
EndProject
Project("{FAE04EC0-301F-11D3-BF4B-00C04F79EFBC}") = "operationsUnitTesting", "..\operationsUnitTesting\operationsUnitTesting.csproj", "{2DA8875E-700E-439D-A146-E5D1BF7271A4}"
EndProject
Global
	GlobalSection(SolutionConfigurationPlatforms) = preSolution
		Debug|Any CPU = Debug|Any CPU
		Release|Any CPU = Release|Any CPU
	EndGlobalSection
	GlobalSection(ProjectConfigurationPlatforms) = postSolution
		{2EDB717D-B81F-469C-9109-208FA9888C37}.Debug|Any CPU.ActiveCfg = Debug|Any CPU
		{2EDB717D-B81F-469C-9109-208FA9888C37}.Debug|Any CPU.Build.0 = Debug|Any CPU
		{2EDB717D-B81F-469C-9109-208FA9888C37}.Release|Any CPU.ActiveCfg = Release|Any CPU
		{2EDB717D-B81F-469C-9109-208FA9888C37}.Release|Any CPU.Build.0 = Release|Any CPU
		{88891646-4F1B-4427-8F3F-7E8A5F2B2070}.Debug|Any CPU.ActiveCfg = Debug|Any CPU
		{88891646-4F1B-4427-8F3F-7E8A5F2B2070}.Debug|Any CPU.Build.0 = Debug|Any CPU
		{88891646-4F1B-4427-8F3F-7E8A5F2B2070}.Release|Any CPU.ActiveCfg = Release|Any CPU
		{88891646-4F1B-4427-8F3F-7E8A5F2B2070}.Release|Any CPU.Build.0 = Release|Any CPU
		{2DA8875E-700E-439D-A146-E5D1BF7271A4}.Debug|Any CPU.ActiveCfg = Debug|Any CPU
		{2DA8875E-700E-439D-A146-E5D1BF7271A4}.Debug|Any CPU.Build.0 = Debug|Any CPU
		{2DA8875E-700E-439D-A146-E5D1BF7271A4}.Release|Any CPU.ActiveCfg = Release|Any CPU
		{2DA8875E-700E-439D-A146-E5D1BF7271A4}.Release|Any CPU.Build.0 = Release|Any CPU
	EndGlobalSection
	GlobalSection(SolutionProperties) = preSolution
		HideSolutionNode = FALSE
	EndGlobalSection
	GlobalSection(ExtensibilityGlobals) = postSolution
		SolutionGuid = {CF0A5A16-A284-4C5B-94ED-8A9DBDCA9558}
	EndGlobalSection
EndGlobal
